// !$*UTF8*$!
{
	archiveVersion = 1;
	classes = {
	};
	objectVersion = 46;
	objects = {

/* Begin PBXBuildFile section */
		55458EB21ADB96E200625B8A /* MEDynamicTransition.m in Sources */ = {isa = PBXBuildFile; fileRef = 55458EB11ADB96E200625B8A /* MEDynamicTransition.m */; };
		55458F5C1ADBC14300625B8A /* WeChatConnection.framework in Frameworks */ = {isa = PBXBuildFile; fileRef = 55458F4E1ADBC14300625B8A /* WeChatConnection.framework */; };
		55458F5D1ADBC14300625B8A /* AGCommon.framework in Frameworks */ = {isa = PBXBuildFile; fileRef = 55458F501ADBC14300625B8A /* AGCommon.framework */; };
		55458F5E1ADBC14300625B8A /* ShareSDKLocalizable.strings in Resources */ = {isa = PBXBuildFile; fileRef = 55458F511ADBC14300625B8A /* ShareSDKLocalizable.strings */; };
		55458F5F1ADBC14300625B8A /* Resource.bundle in Resources */ = {isa = PBXBuildFile; fileRef = 55458F531ADBC14300625B8A /* Resource.bundle */; };
		55458F601ADBC14300625B8A /* ShareSDKCoreService.framework in Frameworks */ = {isa = PBXBuildFile; fileRef = 55458F541ADBC14300625B8A /* ShareSDKCoreService.framework */; };
		55458F611ADBC14300625B8A /* libWeChatSDK.a in Frameworks */ = {isa = PBXBuildFile; fileRef = 55458F581ADBC14300625B8A /* libWeChatSDK.a */; };
		55458F621ADBC14300625B8A /* ShareSDK.framework in Frameworks */ = {isa = PBXBuildFile; fileRef = 55458F5B1ADBC14300625B8A /* ShareSDK.framework */; };
		55458F631ADBC1B400625B8A /* SystemConfiguration.framework in Frameworks */ = {isa = PBXBuildFile; fileRef = 559A18C11ADB6E5B00ED2E78 /* SystemConfiguration.framework */; };
		55458F651ADBC1BC00625B8A /* QuartzCore.framework in Frameworks */ = {isa = PBXBuildFile; fileRef = 55458F641ADBC1BC00625B8A /* QuartzCore.framework */; };
		55458F671ADBC1C200625B8A /* CoreTelephony.framework in Frameworks */ = {isa = PBXBuildFile; fileRef = 55458F661ADBC1C200625B8A /* CoreTelephony.framework */; };
		55458F691ADBC1CD00625B8A /* libicucore.dylib in Frameworks */ = {isa = PBXBuildFile; fileRef = 55458F681ADBC1CD00625B8A /* libicucore.dylib */; };
		55458F6B1ADBC1D800625B8A /* libz.1.2.5.dylib in Frameworks */ = {isa = PBXBuildFile; fileRef = 55458F6A1ADBC1D800625B8A /* libz.1.2.5.dylib */; };
		55458F6D1ADBC1DF00625B8A /* Security.framework in Frameworks */ = {isa = PBXBuildFile; fileRef = 55458F6C1ADBC1DF00625B8A /* Security.framework */; };
		559A18C01ADB6DD100ED2E78 /* test.gif in Resources */ = {isa = PBXBuildFile; fileRef = 559A18BF1ADB6DD100ED2E78 /* test.gif */; };
		55C8D3431AD7AF790032B46A /* main.m in Sources */ = {isa = PBXBuildFile; fileRef = 55C8D3421AD7AF790032B46A /* main.m */; };
		55C8D3461AD7AF790032B46A /* AppDelegate.m in Sources */ = {isa = PBXBuildFile; fileRef = 55C8D3451AD7AF790032B46A /* AppDelegate.m */; };
		55C8D34E1AD7AF7A0032B46A /* Images.xcassets in Resources */ = {isa = PBXBuildFile; fileRef = 55C8D34D1AD7AF7A0032B46A /* Images.xcassets */; };
		55C8D35D1AD7AF7A0032B46A /* GYLeftSlideMenuTests.m in Sources */ = {isa = PBXBuildFile; fileRef = 55C8D35C1AD7AF7A0032B46A /* GYLeftSlideMenuTests.m */; };
		55C8D3681AD7B98F0032B46A /* RootViewController.m in Sources */ = {isa = PBXBuildFile; fileRef = 55C8D3671AD7B98F0032B46A /* RootViewController.m */; };
		55C8D3791AD7CA1F0032B46A /* MEZoomAnimationController.m in Sources */ = {isa = PBXBuildFile; fileRef = 55C8D3781AD7CA1F0032B46A /* MEZoomAnimationController.m */; };
		55C8D37C1AD7CC050032B46A /* METransitions.m in Sources */ = {isa = PBXBuildFile; fileRef = 55C8D37B1AD7CC050032B46A /* METransitions.m */; };
		55C8D3841AD7CD820032B46A /* MEFoldAnimationController.m in Sources */ = {isa = PBXBuildFile; fileRef = 55C8D3811AD7CD820032B46A /* MEFoldAnimationController.m */; };
		55C8D38D1AD7D04E0032B46A /* HomeViewController.m in Sources */ = {isa = PBXBuildFile; fileRef = 55C8D38C1AD7D04E0032B46A /* HomeViewController.m */; };
		55C8D3901AD7D0680032B46A /* LeftMenuViewController.m in Sources */ = {isa = PBXBuildFile; fileRef = 55C8D38F1AD7D0680032B46A /* LeftMenuViewController.m */; };
		7833B5A675D4517BE1975C46 /* libPods.a in Frameworks */ = {isa = PBXBuildFile; fileRef = 31BF7993DA1AD121A496CFA0 /* libPods.a */; };
/* End PBXBuildFile section */

/* Begin PBXContainerItemProxy section */
		55C8D3571AD7AF7A0032B46A /* PBXContainerItemProxy */ = {
			isa = PBXContainerItemProxy;
			containerPortal = 55C8D3351AD7AF790032B46A /* Project object */;
			proxyType = 1;
			remoteGlobalIDString = 55C8D33C1AD7AF790032B46A;
			remoteInfo = GYLeftSlideMenu;
		};
/* End PBXContainerItemProxy section */

/* Begin PBXFileReference section */
		31BF7993DA1AD121A496CFA0 /* libPods.a */ = {isa = PBXFileReference; explicitFileType = archive.ar; includeInIndex = 0; path = libPods.a; sourceTree = BUILT_PRODUCTS_DIR; };
		55458EB01ADB96E200625B8A /* MEDynamicTransition.h */ = {isa = PBXFileReference; fileEncoding = 4; lastKnownFileType = sourcecode.c.h; path = MEDynamicTransition.h; sourceTree = "<group>"; };
		55458EB11ADB96E200625B8A /* MEDynamicTransition.m */ = {isa = PBXFileReference; fileEncoding = 4; lastKnownFileType = sourcecode.c.objc; path = MEDynamicTransition.m; sourceTree = "<group>"; };
		55458F4E1ADBC14300625B8A /* WeChatConnection.framework */ = {isa = PBXFileReference; lastKnownFileType = wrapper.framework; path = WeChatConnection.framework; sourceTree = "<group>"; };
		55458F501ADBC14300625B8A /* AGCommon.framework */ = {isa = PBXFileReference; lastKnownFileType = wrapper.framework; path = AGCommon.framework; sourceTree = "<group>"; };
		55458F521ADBC14300625B8A /* en */ = {isa = PBXFileReference; lastKnownFileType = text.plist.strings; name = en; path = en.lproj/ShareSDKLocalizable.strings; sourceTree = "<group>"; };
		55458F531ADBC14300625B8A /* Resource.bundle */ = {isa = PBXFileReference; lastKnownFileType = "wrapper.plug-in"; path = Resource.bundle; sourceTree = "<group>"; };
		55458F541ADBC14300625B8A /* ShareSDKCoreService.framework */ = {isa = PBXFileReference; lastKnownFileType = wrapper.framework; path = ShareSDKCoreService.framework; sourceTree = "<group>"; };
		55458F551ADBC14300625B8A /* zh-Hans */ = {isa = PBXFileReference; lastKnownFileType = text.plist.strings; name = "zh-Hans"; path = "zh-Hans.lproj/ShareSDKLocalizable.strings"; sourceTree = "<group>"; };
		55458F581ADBC14300625B8A /* libWeChatSDK.a */ = {isa = PBXFileReference; lastKnownFileType = archive.ar; path = libWeChatSDK.a; sourceTree = "<group>"; };
		55458F591ADBC14300625B8A /* WXApi.h */ = {isa = PBXFileReference; fileEncoding = 4; lastKnownFileType = sourcecode.c.h; path = WXApi.h; sourceTree = "<group>"; };
		55458F5A1ADBC14300625B8A /* WXApiObject.h */ = {isa = PBXFileReference; fileEncoding = 4; lastKnownFileType = sourcecode.c.h; path = WXApiObject.h; sourceTree = "<group>"; };
		55458F5B1ADBC14300625B8A /* ShareSDK.framework */ = {isa = PBXFileReference; lastKnownFileType = wrapper.framework; path = ShareSDK.framework; sourceTree = "<group>"; };
		55458F641ADBC1BC00625B8A /* QuartzCore.framework */ = {isa = PBXFileReference; lastKnownFileType = wrapper.framework; name = QuartzCore.framework; path = System/Library/Frameworks/QuartzCore.framework; sourceTree = SDKROOT; };
		55458F661ADBC1C200625B8A /* CoreTelephony.framework */ = {isa = PBXFileReference; lastKnownFileType = wrapper.framework; name = CoreTelephony.framework; path = System/Library/Frameworks/CoreTelephony.framework; sourceTree = SDKROOT; };
		55458F681ADBC1CD00625B8A /* libicucore.dylib */ = {isa = PBXFileReference; lastKnownFileType = "compiled.mach-o.dylib"; name = libicucore.dylib; path = usr/lib/libicucore.dylib; sourceTree = SDKROOT; };
		55458F6A1ADBC1D800625B8A /* libz.1.2.5.dylib */ = {isa = PBXFileReference; lastKnownFileType = "compiled.mach-o.dylib"; name = libz.1.2.5.dylib; path = usr/lib/libz.1.2.5.dylib; sourceTree = SDKROOT; };
		55458F6C1ADBC1DF00625B8A /* Security.framework */ = {isa = PBXFileReference; lastKnownFileType = wrapper.framework; name = Security.framework; path = System/Library/Frameworks/Security.framework; sourceTree = SDKROOT; };
		559A189D1ADB5BDF00ED2E78 /* PrefixHeader.pch */ = {isa = PBXFileReference; lastKnownFileType = sourcecode.c.h; path = PrefixHeader.pch; sourceTree = "<group>"; };
		559A18BF1ADB6DD100ED2E78 /* test.gif */ = {isa = PBXFileReference; lastKnownFileType = image.gif; path = test.gif; sourceTree = "<group>"; };
		559A18C11ADB6E5B00ED2E78 /* SystemConfiguration.framework */ = {isa = PBXFileReference; lastKnownFileType = wrapper.framework; name = SystemConfiguration.framework; path = System/Library/Frameworks/SystemConfiguration.framework; sourceTree = SDKROOT; };
		559A18C31ADB6E6D00ED2E78 /* libz.dylib */ = {isa = PBXFileReference; lastKnownFileType = "compiled.mach-o.dylib"; name = libz.dylib; path = usr/lib/libz.dylib; sourceTree = SDKROOT; };
		559A18C51ADB6E7A00ED2E78 /* libsqlite3.0.dylib */ = {isa = PBXFileReference; lastKnownFileType = "compiled.mach-o.dylib"; name = libsqlite3.0.dylib; path = usr/lib/libsqlite3.0.dylib; sourceTree = SDKROOT; };
		559A18DA1ADB92CF00ED2E78 /* UIKit.framework */ = {isa = PBXFileReference; lastKnownFileType = wrapper.framework; name = UIKit.framework; path = System/Library/Frameworks/UIKit.framework; sourceTree = SDKROOT; };
		559A18DC1ADB92D500ED2E78 /* Foundation.framework */ = {isa = PBXFileReference; lastKnownFileType = wrapper.framework; name = Foundation.framework; path = System/Library/Frameworks/Foundation.framework; sourceTree = SDKROOT; };
		55C8D33D1AD7AF790032B46A /* GYLeftSlideMenu.app */ = {isa = PBXFileReference; explicitFileType = wrapper.application; includeInIndex = 0; path = GYLeftSlideMenu.app; sourceTree = BUILT_PRODUCTS_DIR; };
		55C8D3411AD7AF790032B46A /* Info.plist */ = {isa = PBXFileReference; lastKnownFileType = text.plist.xml; path = Info.plist; sourceTree = "<group>"; };
		55C8D3421AD7AF790032B46A /* main.m */ = {isa = PBXFileReference; lastKnownFileType = sourcecode.c.objc; path = main.m; sourceTree = "<group>"; };
		55C8D3441AD7AF790032B46A /* AppDelegate.h */ = {isa = PBXFileReference; lastKnownFileType = sourcecode.c.h; path = AppDelegate.h; sourceTree = "<group>"; };
		55C8D3451AD7AF790032B46A /* AppDelegate.m */ = {isa = PBXFileReference; lastKnownFileType = sourcecode.c.objc; path = AppDelegate.m; sourceTree = "<group>"; };
		55C8D34D1AD7AF7A0032B46A /* Images.xcassets */ = {isa = PBXFileReference; lastKnownFileType = folder.assetcatalog; path = Images.xcassets; sourceTree = "<group>"; };
		55C8D3561AD7AF7A0032B46A /* GYLeftSlideMenuTests.xctest */ = {isa = PBXFileReference; explicitFileType = wrapper.cfbundle; includeInIndex = 0; path = GYLeftSlideMenuTests.xctest; sourceTree = BUILT_PRODUCTS_DIR; };
		55C8D35B1AD7AF7A0032B46A /* Info.plist */ = {isa = PBXFileReference; lastKnownFileType = text.plist.xml; path = Info.plist; sourceTree = "<group>"; };
		55C8D35C1AD7AF7A0032B46A /* GYLeftSlideMenuTests.m */ = {isa = PBXFileReference; lastKnownFileType = sourcecode.c.objc; path = GYLeftSlideMenuTests.m; sourceTree = "<group>"; };
		55C8D3661AD7B98F0032B46A /* RootViewController.h */ = {isa = PBXFileReference; fileEncoding = 4; lastKnownFileType = sourcecode.c.h; path = RootViewController.h; sourceTree = "<group>"; };
		55C8D3671AD7B98F0032B46A /* RootViewController.m */ = {isa = PBXFileReference; fileEncoding = 4; lastKnownFileType = sourcecode.c.objc; path = RootViewController.m; sourceTree = "<group>"; };
		55C8D3771AD7CA1F0032B46A /* MEZoomAnimationController.h */ = {isa = PBXFileReference; fileEncoding = 4; lastKnownFileType = sourcecode.c.h; path = MEZoomAnimationController.h; sourceTree = "<group>"; };
		55C8D3781AD7CA1F0032B46A /* MEZoomAnimationController.m */ = {isa = PBXFileReference; fileEncoding = 4; lastKnownFileType = sourcecode.c.objc; path = MEZoomAnimationController.m; sourceTree = "<group>"; };
		55C8D37A1AD7CC050032B46A /* METransitions.h */ = {isa = PBXFileReference; fileEncoding = 4; lastKnownFileType = sourcecode.c.h; path = METransitions.h; sourceTree = "<group>"; };
		55C8D37B1AD7CC050032B46A /* METransitions.m */ = {isa = PBXFileReference; fileEncoding = 4; lastKnownFileType = sourcecode.c.objc; path = METransitions.m; sourceTree = "<group>"; };
		55C8D3801AD7CD820032B46A /* MEFoldAnimationController.h */ = {isa = PBXFileReference; fileEncoding = 4; lastKnownFileType = sourcecode.c.h; path = MEFoldAnimationController.h; sourceTree = "<group>"; };
		55C8D3811AD7CD820032B46A /* MEFoldAnimationController.m */ = {isa = PBXFileReference; fileEncoding = 4; lastKnownFileType = sourcecode.c.objc; path = MEFoldAnimationController.m; sourceTree = "<group>"; };
		55C8D38B1AD7D04E0032B46A /* HomeViewController.h */ = {isa = PBXFileReference; fileEncoding = 4; lastKnownFileType = sourcecode.c.h; path = HomeViewController.h; sourceTree = "<group>"; };
		55C8D38C1AD7D04E0032B46A /* HomeViewController.m */ = {isa = PBXFileReference; fileEncoding = 4; lastKnownFileType = sourcecode.c.objc; path = HomeViewController.m; sourceTree = "<group>"; };
		55C8D38E1AD7D0680032B46A /* LeftMenuViewController.h */ = {isa = PBXFileReference; fileEncoding = 4; lastKnownFileType = sourcecode.c.h; path = LeftMenuViewController.h; sourceTree = "<group>"; };
		55C8D38F1AD7D0680032B46A /* LeftMenuViewController.m */ = {isa = PBXFileReference; fileEncoding = 4; lastKnownFileType = sourcecode.c.objc; path = LeftMenuViewController.m; sourceTree = "<group>"; };
		8A2D20FD46B79E1DEA76C4AD /* Pods.debug.xcconfig */ = {isa = PBXFileReference; includeInIndex = 1; lastKnownFileType = text.xcconfig; name = Pods.debug.xcconfig; path = "Pods/Target Support Files/Pods/Pods.debug.xcconfig"; sourceTree = "<group>"; };
		D7F638BC6754BE50A49D5C7C /* Pods.release.xcconfig */ = {isa = PBXFileReference; includeInIndex = 1; lastKnownFileType = text.xcconfig; name = Pods.release.xcconfig; path = "Pods/Target Support Files/Pods/Pods.release.xcconfig"; sourceTree = "<group>"; };
/* End PBXFileReference section */

/* Begin PBXFrameworksBuildPhase section */
		55C8D33A1AD7AF790032B46A /* Frameworks */ = {
			isa = PBXFrameworksBuildPhase;
			buildActionMask = 2147483647;
			files = (
				55458F6D1ADBC1DF00625B8A /* Security.framework in Frameworks */,
				55458F6B1ADBC1D800625B8A /* libz.1.2.5.dylib in Frameworks */,
				55458F691ADBC1CD00625B8A /* libicucore.dylib in Frameworks */,
				55458F671ADBC1C200625B8A /* CoreTelephony.framework in Frameworks */,
				55458F651ADBC1BC00625B8A /* QuartzCore.framework in Frameworks */,
				55458F631ADBC1B400625B8A /* SystemConfiguration.framework in Frameworks */,
				55458F601ADBC14300625B8A /* ShareSDKCoreService.framework in Frameworks */,
				55458F5D1ADBC14300625B8A /* AGCommon.framework in Frameworks */,
				55458F5C1ADBC14300625B8A /* WeChatConnection.framework in Frameworks */,
				55458F621ADBC14300625B8A /* ShareSDK.framework in Frameworks */,
				7833B5A675D4517BE1975C46 /* libPods.a in Frameworks */,
				55458F611ADBC14300625B8A /* libWeChatSDK.a in Frameworks */,
			);
			runOnlyForDeploymentPostprocessing = 0;
		};
		55C8D3531AD7AF7A0032B46A /* Frameworks */ = {
			isa = PBXFrameworksBuildPhase;
			buildActionMask = 2147483647;
			files = (
			);
			runOnlyForDeploymentPostprocessing = 0;
		};
/* End PBXFrameworksBuildPhase section */

/* Begin PBXGroup section */
		55458F4B1ADBC13500625B8A /* Third */ = {
			isa = PBXGroup;
			children = (
				55458F4C1ADBC14300625B8A /* ShareSDK */,
			);
			name = Third;
			sourceTree = "<group>";
		};
		55458F4C1ADBC14300625B8A /* ShareSDK */ = {
			isa = PBXGroup;
			children = (
				55458F4D1ADBC14300625B8A /* Connection */,
				55458F4F1ADBC14300625B8A /* Core */,
				55458F561ADBC14300625B8A /* Extend */,
				55458F5B1ADBC14300625B8A /* ShareSDK.framework */,
			);
			path = ShareSDK;
			sourceTree = "<group>";
		};
		55458F4D1ADBC14300625B8A /* Connection */ = {
			isa = PBXGroup;
			children = (
				55458F4E1ADBC14300625B8A /* WeChatConnection.framework */,
			);
			path = Connection;
			sourceTree = "<group>";
		};
		55458F4F1ADBC14300625B8A /* Core */ = {
			isa = PBXGroup;
			children = (
				55458F501ADBC14300625B8A /* AGCommon.framework */,
				55458F511ADBC14300625B8A /* ShareSDKLocalizable.strings */,
				55458F531ADBC14300625B8A /* Resource.bundle */,
				55458F541ADBC14300625B8A /* ShareSDKCoreService.framework */,
			);
			path = Core;
			sourceTree = "<group>";
		};
		55458F561ADBC14300625B8A /* Extend */ = {
			isa = PBXGroup;
			children = (
				55458F571ADBC14300625B8A /* WeChatSDK */,
			);
			path = Extend;
			sourceTree = "<group>";
		};
		55458F571ADBC14300625B8A /* WeChatSDK */ = {
			isa = PBXGroup;
			children = (
				55458F581ADBC14300625B8A /* libWeChatSDK.a */,
				55458F591ADBC14300625B8A /* WXApi.h */,
				55458F5A1ADBC14300625B8A /* WXApiObject.h */,
			);
			path = WeChatSDK;
			sourceTree = "<group>";
		};
		55C8D3341AD7AF790032B46A = {
			isa = PBXGroup;
			children = (
				55C8D33F1AD7AF790032B46A /* GYLeftSlideMenu */,
				55C8D3591AD7AF7A0032B46A /* GYLeftSlideMenuTests */,
				55C8D33E1AD7AF790032B46A /* Products */,
				F2F3823FAD256EC58E4C3C45 /* Pods */,
				7430B3F72C94648D10256695 /* Frameworks */,
			);
			sourceTree = "<group>";
		};
		55C8D33E1AD7AF790032B46A /* Products */ = {
			isa = PBXGroup;
			children = (
				55C8D33D1AD7AF790032B46A /* GYLeftSlideMenu.app */,
				55C8D3561AD7AF7A0032B46A /* GYLeftSlideMenuTests.xctest */,
			);
			name = Products;
			sourceTree = "<group>";
		};
		55C8D33F1AD7AF790032B46A /* GYLeftSlideMenu */ = {
			isa = PBXGroup;
			children = (
				55C8D3441AD7AF790032B46A /* AppDelegate.h */,
				55C8D3451AD7AF790032B46A /* AppDelegate.m */,
				55C8D3661AD7B98F0032B46A /* RootViewController.h */,
				55C8D3671AD7B98F0032B46A /* RootViewController.m */,
				55458F4B1ADBC13500625B8A /* Third */,
				55C8D3871AD7CFE40032B46A /* Base */,
				55C8D3721AD7BD8B0032B46A /* Controller */,
				55C8D34D1AD7AF7A0032B46A /* Images.xcassets */,
				55C8D3401AD7AF790032B46A /* Supporting Files */,
			);
			path = GYLeftSlideMenu;
			sourceTree = "<group>";
		};
		55C8D3401AD7AF790032B46A /* Supporting Files */ = {
			isa = PBXGroup;
			children = (
				55C8D3411AD7AF790032B46A /* Info.plist */,
				55C8D3421AD7AF790032B46A /* main.m */,
				559A189D1ADB5BDF00ED2E78 /* PrefixHeader.pch */,
			);
			name = "Supporting Files";
			sourceTree = "<group>";
		};
		55C8D3591AD7AF7A0032B46A /* GYLeftSlideMenuTests */ = {
			isa = PBXGroup;
			children = (
				55C8D35C1AD7AF7A0032B46A /* GYLeftSlideMenuTests.m */,
				55C8D35A1AD7AF7A0032B46A /* Supporting Files */,
			);
			path = GYLeftSlideMenuTests;
			sourceTree = "<group>";
		};
		55C8D35A1AD7AF7A0032B46A /* Supporting Files */ = {
			isa = PBXGroup;
			children = (
				55C8D35B1AD7AF7A0032B46A /* Info.plist */,
			);
			name = "Supporting Files";
			sourceTree = "<group>";
		};
		55C8D3721AD7BD8B0032B46A /* Controller */ = {
			isa = PBXGroup;
			children = (
				55C8D38A1AD7D03E0032B46A /* Menu */,
				55C8D3891AD7D0370032B46A /* Home */,
				55C8D3761AD7CA140032B46A /* Base */,
			);
			name = Controller;
			sourceTree = "<group>";
		};
		55C8D3761AD7CA140032B46A /* Base */ = {
			isa = PBXGroup;
			children = (
			);
			name = Base;
			sourceTree = "<group>";
		};
		55C8D3871AD7CFE40032B46A /* Base */ = {
			isa = PBXGroup;
			children = (
				55C8D3881AD7CFEC0032B46A /* BaseAnimation */,
			);
			name = Base;
			sourceTree = "<group>";
		};
		55C8D3881AD7CFEC0032B46A /* BaseAnimation */ = {
			isa = PBXGroup;
			children = (
				55C8D37A1AD7CC050032B46A /* METransitions.h */,
				55C8D37B1AD7CC050032B46A /* METransitions.m */,
				55C8D3801AD7CD820032B46A /* MEFoldAnimationController.h */,
				55C8D3811AD7CD820032B46A /* MEFoldAnimationController.m */,
				55458EB01ADB96E200625B8A /* MEDynamicTransition.h */,
				55458EB11ADB96E200625B8A /* MEDynamicTransition.m */,
				55C8D3771AD7CA1F0032B46A /* MEZoomAnimationController.h */,
				55C8D3781AD7CA1F0032B46A /* MEZoomAnimationController.m */,
			);
			name = BaseAnimation;
			sourceTree = "<group>";
		};
		55C8D3891AD7D0370032B46A /* Home */ = {
			isa = PBXGroup;
			children = (
				55C8D38B1AD7D04E0032B46A /* HomeViewController.h */,
				55C8D38C1AD7D04E0032B46A /* HomeViewController.m */,
				559A18BF1ADB6DD100ED2E78 /* test.gif */,
			);
			name = Home;
			sourceTree = "<group>";
		};
		55C8D38A1AD7D03E0032B46A /* Menu */ = {
			isa = PBXGroup;
			children = (
				55C8D38E1AD7D0680032B46A /* LeftMenuViewController.h */,
				55C8D38F1AD7D0680032B46A /* LeftMenuViewController.m */,
			);
			name = Menu;
			sourceTree = "<group>";
		};
		7430B3F72C94648D10256695 /* Frameworks */ = {
			isa = PBXGroup;
			children = (
				55458F6C1ADBC1DF00625B8A /* Security.framework */,
				55458F6A1ADBC1D800625B8A /* libz.1.2.5.dylib */,
				55458F681ADBC1CD00625B8A /* libicucore.dylib */,
				55458F661ADBC1C200625B8A /* CoreTelephony.framework */,
				55458F641ADBC1BC00625B8A /* QuartzCore.framework */,
				559A18DC1ADB92D500ED2E78 /* Foundation.framework */,
				559A18DA1ADB92CF00ED2E78 /* UIKit.framework */,
				559A18C51ADB6E7A00ED2E78 /* libsqlite3.0.dylib */,
				559A18C31ADB6E6D00ED2E78 /* libz.dylib */,
				559A18C11ADB6E5B00ED2E78 /* SystemConfiguration.framework */,
				31BF7993DA1AD121A496CFA0 /* libPods.a */,
			);
			name = Frameworks;
			sourceTree = "<group>";
		};
		F2F3823FAD256EC58E4C3C45 /* Pods */ = {
			isa = PBXGroup;
			children = (
				8A2D20FD46B79E1DEA76C4AD /* Pods.debug.xcconfig */,
				D7F638BC6754BE50A49D5C7C /* Pods.release.xcconfig */,
			);
			name = Pods;
			sourceTree = "<group>";
		};
/* End PBXGroup section */

/* Begin PBXNativeTarget section */
		55C8D33C1AD7AF790032B46A /* GYLeftSlideMenu */ = {
			isa = PBXNativeTarget;
			buildConfigurationList = 55C8D3601AD7AF7A0032B46A /* Build configuration list for PBXNativeTarget "GYLeftSlideMenu" */;
			buildPhases = (
				99E527512A3D40810F8FBF42 /* Check Pods Manifest.lock */,
				55C8D3391AD7AF790032B46A /* Sources */,
				55C8D33A1AD7AF790032B46A /* Frameworks */,
				55C8D33B1AD7AF790032B46A /* Resources */,
				A59BAC9F3638B005AFB18756 /* Copy Pods Resources */,
			);
			buildRules = (
			);
			dependencies = (
			);
			name = GYLeftSlideMenu;
			productName = GYLeftSlideMenu;
			productReference = 55C8D33D1AD7AF790032B46A /* GYLeftSlideMenu.app */;
			productType = "com.apple.product-type.application";
		};
		55C8D3551AD7AF7A0032B46A /* GYLeftSlideMenuTests */ = {
			isa = PBXNativeTarget;
			buildConfigurationList = 55C8D3631AD7AF7A0032B46A /* Build configuration list for PBXNativeTarget "GYLeftSlideMenuTests" */;
			buildPhases = (
				55C8D3521AD7AF7A0032B46A /* Sources */,
				55C8D3531AD7AF7A0032B46A /* Frameworks */,
				55C8D3541AD7AF7A0032B46A /* Resources */,
			);
			buildRules = (
			);
			dependencies = (
				55C8D3581AD7AF7A0032B46A /* PBXTargetDependency */,
			);
			name = GYLeftSlideMenuTests;
			productName = GYLeftSlideMenuTests;
			productReference = 55C8D3561AD7AF7A0032B46A /* GYLeftSlideMenuTests.xctest */;
			productType = "com.apple.product-type.bundle.unit-test";
		};
/* End PBXNativeTarget section */

/* Begin PBXProject section */
		55C8D3351AD7AF790032B46A /* Project object */ = {
			isa = PBXProject;
			attributes = {
				LastUpgradeCheck = 0620;
				ORGANIZATIONNAME = Geforceyu;
				TargetAttributes = {
					55C8D33C1AD7AF790032B46A = {
						CreatedOnToolsVersion = 6.2;
						DevelopmentTeam = 2QNRK8GSPU;
					};
					55C8D3551AD7AF7A0032B46A = {
						CreatedOnToolsVersion = 6.2;
						TestTargetID = 55C8D33C1AD7AF790032B46A;
					};
				};
			};
			buildConfigurationList = 55C8D3381AD7AF790032B46A /* Build configuration list for PBXProject "GYLeftSlideMenu" */;
			compatibilityVersion = "Xcode 3.2";
			developmentRegion = English;
			hasScannedForEncodings = 0;
			knownRegions = (
				en,
				Base,
				"zh-Hans",
			);
			mainGroup = 55C8D3341AD7AF790032B46A;
			productRefGroup = 55C8D33E1AD7AF790032B46A /* Products */;
			projectDirPath = "";
			projectRoot = "";
			targets = (
				55C8D33C1AD7AF790032B46A /* GYLeftSlideMenu */,
				55C8D3551AD7AF7A0032B46A /* GYLeftSlideMenuTests */,
			);
		};
/* End PBXProject section */

/* Begin PBXResourcesBuildPhase section */
		55C8D33B1AD7AF790032B46A /* Resources */ = {
			isa = PBXResourcesBuildPhase;
			buildActionMask = 2147483647;
			files = (
				55458F5E1ADBC14300625B8A /* ShareSDKLocalizable.strings in Resources */,
				559A18C01ADB6DD100ED2E78 /* test.gif in Resources */,
				55C8D34E1AD7AF7A0032B46A /* Images.xcassets in Resources */,
				55458F5F1ADBC14300625B8A /* Resource.bundle in Resources */,
			);
			runOnlyForDeploymentPostprocessing = 0;
		};
		55C8D3541AD7AF7A0032B46A /* Resources */ = {
			isa = PBXResourcesBuildPhase;
			buildActionMask = 2147483647;
			files = (
			);
			runOnlyForDeploymentPostprocessing = 0;
		};
/* End PBXResourcesBuildPhase section */

/* Begin PBXShellScriptBuildPhase section */
		99E527512A3D40810F8FBF42 /* Check Pods Manifest.lock */ = {
			isa = PBXShellScriptBuildPhase;
			buildActionMask = 2147483647;
			files = (
			);
			inputPaths = (
			);
			name = "Check Pods Manifest.lock";
			outputPaths = (
			);
			runOnlyForDeploymentPostprocessing = 0;
			shellPath = /bin/sh;
			shellScript = "diff \"${PODS_ROOT}/../Podfile.lock\" \"${PODS_ROOT}/Manifest.lock\" > /dev/null\nif [[ $? != 0 ]] ; then\n    cat << EOM\nerror: The sandbox is not in sync with the Podfile.lock. Run 'pod install' or update your CocoaPods installation.\nEOM\n    exit 1\nfi\n";
			showEnvVarsInLog = 0;
		};
		A59BAC9F3638B005AFB18756 /* Copy Pods Resources */ = {
			isa = PBXShellScriptBuildPhase;
			buildActionMask = 2147483647;
			files = (
			);
			inputPaths = (
			);
			name = "Copy Pods Resources";
			outputPaths = (
			);
			runOnlyForDeploymentPostprocessing = 0;
			shellPath = /bin/sh;
			shellScript = "\"${SRCROOT}/Pods/Target Support Files/Pods/Pods-resources.sh\"\n";
			showEnvVarsInLog = 0;
		};
/* End PBXShellScriptBuildPhase section */

/* Begin PBXSourcesBuildPhase section */
		55C8D3391AD7AF790032B46A /* Sources */ = {
			isa = PBXSourcesBuildPhase;
			buildActionMask = 2147483647;
			files = (
				55458EB21ADB96E200625B8A /* MEDynamicTransition.m in Sources */,
				55C8D3461AD7AF790032B46A /* AppDelegate.m in Sources */,
				55C8D3841AD7CD820032B46A /* MEFoldAnimationController.m in Sources */,
				55C8D37C1AD7CC050032B46A /* METransitions.m in Sources */,
				55C8D3901AD7D0680032B46A /* LeftMenuViewController.m in Sources */,
				55C8D3791AD7CA1F0032B46A /* MEZoomAnimationController.m in Sources */,
				55C8D3431AD7AF790032B46A /* main.m in Sources */,
				55C8D3681AD7B98F0032B46A /* RootViewController.m in Sources */,
				55C8D38D1AD7D04E0032B46A /* HomeViewController.m in Sources */,
			);
			runOnlyForDeploymentPostprocessing = 0;
		};
		55C8D3521AD7AF7A0032B46A /* Sources */ = {
			isa = PBXSourcesBuildPhase;
			buildActionMask = 2147483647;
			files = (
				55C8D35D1AD7AF7A0032B46A /* GYLeftSlideMenuTests.m in Sources */,
			);
			runOnlyForDeploymentPostprocessing = 0;
		};
/* End PBXSourcesBuildPhase section */

/* Begin PBXTargetDependency section */
		55C8D3581AD7AF7A0032B46A /* PBXTargetDependency */ = {
			isa = PBXTargetDependency;
			target = 55C8D33C1AD7AF790032B46A /* GYLeftSlideMenu */;
			targetProxy = 55C8D3571AD7AF7A0032B46A /* PBXContainerItemProxy */;
		};
/* End PBXTargetDependency section */

/* Begin PBXVariantGroup section */
		55458F511ADBC14300625B8A /* ShareSDKLocalizable.strings */ = {
			isa = PBXVariantGroup;
			children = (
				55458F521ADBC14300625B8A /* en */,
				55458F551ADBC14300625B8A /* zh-Hans */,
			);
			name = ShareSDKLocalizable.strings;
			sourceTree = "<group>";
		};
/* End PBXVariantGroup section */

/* Begin XCBuildConfiguration section */
		55C8D35E1AD7AF7A0032B46A /* Debug */ = {
			isa = XCBuildConfiguration;
			buildSettings = {
				ALWAYS_SEARCH_USER_PATHS = NO;
				CLANG_CXX_LANGUAGE_STANDARD = "gnu++0x";
				CLANG_CXX_LIBRARY = "libc++";
				CLANG_ENABLE_MODULES = YES;
				CLANG_ENABLE_OBJC_ARC = YES;
				CLANG_WARN_BOOL_CONVERSION = YES;
				CLANG_WARN_CONSTANT_CONVERSION = YES;
				CLANG_WARN_DIRECT_OBJC_ISA_USAGE = YES_ERROR;
				CLANG_WARN_EMPTY_BODY = YES;
				CLANG_WARN_ENUM_CONVERSION = YES;
				CLANG_WARN_INT_CONVERSION = YES;
				CLANG_WARN_OBJC_ROOT_CLASS = YES_ERROR;
				CLANG_WARN_UNREACHABLE_CODE = YES;
				CLANG_WARN__DUPLICATE_METHOD_MATCH = YES;
				"CODE_SIGN_IDENTITY[sdk=iphoneos*]" = "iPhone Developer";
				COPY_PHASE_STRIP = NO;
				ENABLE_STRICT_OBJC_MSGSEND = YES;
				GCC_C_LANGUAGE_STANDARD = gnu99;
				GCC_DYNAMIC_NO_PIC = NO;
				GCC_OPTIMIZATION_LEVEL = 0;
				GCC_PREPROCESSOR_DEFINITIONS = (
					"DEBUG=1",
					"$(inherited)",
				);
				GCC_SYMBOLS_PRIVATE_EXTERN = NO;
				GCC_WARN_64_TO_32_BIT_CONVERSION = YES;
				GCC_WARN_ABOUT_RETURN_TYPE = YES_ERROR;
				GCC_WARN_UNDECLARED_SELECTOR = YES;
				GCC_WARN_UNINITIALIZED_AUTOS = YES_AGGRESSIVE;
				GCC_WARN_UNUSED_FUNCTION = YES;
				GCC_WARN_UNUSED_VARIABLE = YES;
				IPHONEOS_DEPLOYMENT_TARGET = 7.0;
				MTL_ENABLE_DEBUG_INFO = YES;
				ONLY_ACTIVE_ARCH = YES;
				SDKROOT = iphoneos;
			};
			name = Debug;
		};
		55C8D35F1AD7AF7A0032B46A /* Release */ = {
			isa = XCBuildConfiguration;
			buildSettings = {
				ALWAYS_SEARCH_USER_PATHS = NO;
				CLANG_CXX_LANGUAGE_STANDARD = "gnu++0x";
				CLANG_CXX_LIBRARY = "libc++";
				CLANG_ENABLE_MODULES = YES;
				CLANG_ENABLE_OBJC_ARC = YES;
				CLANG_WARN_BOOL_CONVERSION = YES;
				CLANG_WARN_CONSTANT_CONVERSION = YES;
				CLANG_WARN_DIRECT_OBJC_ISA_USAGE = YES_ERROR;
				CLANG_WARN_EMPTY_BODY = YES;
				CLANG_WARN_ENUM_CONVERSION = YES;
				CLANG_WARN_INT_CONVERSION = YES;
				CLANG_WARN_OBJC_ROOT_CLASS = YES_ERROR;
				CLANG_WARN_UNREACHABLE_CODE = YES;
				CLANG_WARN__DUPLICATE_METHOD_MATCH = YES;
				"CODE_SIGN_IDENTITY[sdk=iphoneos*]" = "iPhone Developer";
				COPY_PHASE_STRIP = NO;
				ENABLE_NS_ASSERTIONS = NO;
				ENABLE_STRICT_OBJC_MSGSEND = YES;
				GCC_C_LANGUAGE_STANDARD = gnu99;
				GCC_WARN_64_TO_32_BIT_CONVERSION = YES;
				GCC_WARN_ABOUT_RETURN_TYPE = YES_ERROR;
				GCC_WARN_UNDECLARED_SELECTOR = YES;
				GCC_WARN_UNINITIALIZED_AUTOS = YES_AGGRESSIVE;
				GCC_WARN_UNUSED_FUNCTION = YES;
				GCC_WARN_UNUSED_VARIABLE = YES;
				IPHONEOS_DEPLOYMENT_TARGET = 7.0;
				MTL_ENABLE_DEBUG_INFO = NO;
				SDKROOT = iphoneos;
				VALIDATE_PRODUCT = YES;
			};
			name = Release;
		};
		55C8D3611AD7AF7A0032B46A /* Debug */ = {
			isa = XCBuildConfiguration;
			baseConfigurationReference = 8A2D20FD46B79E1DEA76C4AD /* Pods.debug.xcconfig */;
			buildSettings = {
				ARCHS = "$(ARCHS_STANDARD)";
				ASSETCATALOG_COMPILER_APPICON_NAME = AppIcon;
				CODE_SIGN_IDENTITY = "iPhone Developer";
				"CODE_SIGN_IDENTITY[sdk=iphoneos*]" = "iPhone Developer";
				FRAMEWORK_SEARCH_PATHS = (
					"$(inherited)",
					"$(PROJECT_DIR)/GYLeftSlideMenu/ShareSDK/Connection",
					"$(PROJECT_DIR)/GYLeftSlideMenu/ShareSDK/Core",
					"$(PROJECT_DIR)/GYLeftSlideMenu/ShareSDK",
				);
				GCC_PREFIX_HEADER = "$(SRCROOT)/GYLeftSlideMenu/PrefixHeader.pch";
				HEADER_SEARCH_PATHS = (
					"$(inherited)",
					"\"${PODS_ROOT}/Headers/Public\"",
					"\"${PODS_ROOT}/Headers/Public/AFNetworking\"",
					"\"${PODS_ROOT}/Headers/Public/ECSlidingViewController\"",
				);
				INFOPLIST_FILE = GYLeftSlideMenu/Info.plist;
				IPHONEOS_DEPLOYMENT_TARGET = 7.0;
				LD_RUNPATH_SEARCH_PATHS = "$(inherited) @executable_path/Frameworks";
				LIBRARY_SEARCH_PATHS = (
					"$(inherited)",
					"$(PROJECT_DIR)/GYLeftSlideMenu",
					"\"$(SRCROOT)/GYLeftSlideMenu\"",
					"$(PROJECT_DIR)/GYLeftSlideMenu/SDKExport",
					"$(PROJECT_DIR)/GYLeftSlideMenu/ShareSDK/Extend/WeChatSDK",
				);
				PRODUCT_NAME = "$(TARGET_NAME)";
				PROVISIONING_PROFILE = "";
			};
			name = Debug;
		};
		55C8D3621AD7AF7A0032B46A /* Release */ = {
			isa = XCBuildConfiguration;
			baseConfigurationReference = D7F638BC6754BE50A49D5C7C /* Pods.release.xcconfig */;
			buildSettings = {
				ARCHS = "$(ARCHS_STANDARD)";
				ASSETCATALOG_COMPILER_APPICON_NAME = AppIcon;
				CODE_SIGN_IDENTITY = "iPhone Developer";
				"CODE_SIGN_IDENTITY[sdk=iphoneos*]" = "iPhone Developer";
				FRAMEWORK_SEARCH_PATHS = (
					"$(inherited)",
					"$(PROJECT_DIR)/GYLeftSlideMenu/ShareSDK/Connection",
					"$(PROJECT_DIR)/GYLeftSlideMenu/ShareSDK/Core",
					"$(PROJECT_DIR)/GYLeftSlideMenu/ShareSDK",
				);
				GCC_PREFIX_HEADER = "$(SRCROOT)/GYLeftSlideMenu/PrefixHeader.pch";
				HEADER_SEARCH_PATHS = (
					"$(inherited)",
					"\"${PODS_ROOT}/Headers/Public\"",
					"\"${PODS_ROOT}/Headers/Public/AFNetworking\"",
					"\"${PODS_ROOT}/Headers/Public/ECSlidingViewController\"",
				);
				INFOPLIST_FILE = GYLeftSlideMenu/Info.plist;
				IPHONEOS_DEPLOYMENT_TARGET = 7.0;
				LD_RUNPATH_SEARCH_PATHS = "$(inherited) @executable_path/Frameworks";
				LIBRARY_SEARCH_PATHS = (
					"$(inherited)",
					"$(PROJECT_DIR)/GYLeftSlideMenu",
					"\"$(SRCROOT)/GYLeftSlideMenu\"",
					"$(PROJECT_DIR)/GYLeftSlideMenu/SDKExport",
					"$(PROJECT_DIR)/GYLeftSlideMenu/ShareSDK/Extend/WeChatSDK",
				);
				PRODUCT_NAME = "$(TARGET_NAME)";
				PROVISIONING_PROFILE = "";
			};
			name = Release;
		};
		55C8D3641AD7AF7A0032B46A /* Debug */ = {
			isa = XCBuildConfiguration;
			buildSettings = {
				BUNDLE_LOADER = "$(TEST_HOST)";
				FRAMEWORK_SEARCH_PATHS = (
					"$(SDKROOT)/Developer/Library/Frameworks",
					"$(inherited)",
				);
				GCC_PREPROCESSOR_DEFINITIONS = (
					"DEBUG=1",
					"$(inherited)",
				);
				INFOPLIST_FILE = GYLeftSlideMenuTests/Info.plist;
				LD_RUNPATH_SEARCH_PATHS = "$(inherited) @executable_path/Frameworks @loader_path/Frameworks";
				LIBRARY_SEARCH_PATHS = (
					"$(inherited)",
					"$(PROJECT_DIR)/GYLeftSlideMenu",
				);
				PRODUCT_NAME = "$(TARGET_NAME)";
				TEST_HOST = "$(BUILT_PRODUCTS_DIR)/GYLeftSlideMenu.app/GYLeftSlideMenu";
			};
			name = Debug;
		};
		55C8D3651AD7AF7A0032B46A /* Release */ = {
			isa = XCBuildConfiguration;
			buildSettings = {
				BUNDLE_LOADER = "$(TEST_HOST)";
				FRAMEWORK_SEARCH_PATHS = (
					"$(SDKROOT)/Developer/Library/Frameworks",
					"$(inherited)",
				);
				INFOPLIST_FILE = GYLeftSlideMenuTests/Info.plist;
				LD_RUNPATH_SEARCH_PATHS = "$(inherited) @executable_path/Frameworks @loader_path/Frameworks";
				LIBRARY_SEARCH_PATHS = (
					"$(inherited)",
					"$(PROJECT_DIR)/GYLeftSlideMenu",
				);
				PRODUCT_NAME = "$(TARGET_NAME)";
				TEST_HOST = "$(BUILT_PRODUCTS_DIR)/GYLeftSlideMenu.app/GYLeftSlideMenu";
			};
			name = Release;
		};
/* End XCBuildConfiguration section */

/* Begin XCConfigurationList section */
		55C8D3381AD7AF790032B46A /* Build configuration list for PBXProject "GYLeftSlideMenu" */ = {
			isa = XCConfigurationList;
			buildConfigurations = (
				55C8D35E1AD7AF7A0032B46A /* Debug */,
				55C8D35F1AD7AF7A0032B46A /* Release */,
			);
			defaultConfigurationIsVisible = 0;
			defaultConfigurationName = Release;
		};
		55C8D3601AD7AF7A0032B46A /* Build configuration list for PBXNativeTarget "GYLeftSlideMenu" */ = {
			isa = XCConfigurationList;
			buildConfigurations = (
				55C8D3611AD7AF7A0032B46A /* Debug */,
				55C8D3621AD7AF7A0032B46A /* Release */,
			);
			defaultConfigurationIsVisible = 0;
			defaultConfigurationName = Release;
		};
		55C8D3631AD7AF7A0032B46A /* Build configuration list for PBXNativeTarget "GYLeftSlideMenuTests" */ = {
			isa = XCConfigurationList;
			buildConfigurations = (
				55C8D3641AD7AF7A0032B46A /* Debug */,
				55C8D3651AD7AF7A0032B46A /* Release */,
			);
			defaultConfigurationIsVisible = 0;
			defaultConfigurationName = Release;
		};
/* End XCConfigurationList section */
	};
	rootObject = 55C8D3351AD7AF790032B46A /* Project object */;
}
